# generated by rye
# use `rye lock` or `rye sync` to update this lockfile
#
# last locked with the following flags:
#   pre: false
#   features: []
#   all-features: false
#   with-sources: false
#   generate-hashes: false
#   universal: false

-e file:.
aiohappyeyeballs==2.4.4
    # via aiohttp
aiohttp==3.11.11
    # via aiohttp-socks
    # via hotel-comments-crawler
aiohttp-socks==0.10.1
    # via hotel-comments-crawler
aiosignal==1.3.2
    # via aiohttp
async-timeout==5.0.1
    # via aiohttp
    # via python-socks
attrs==24.3.0
    # via aiohttp
beautifulsoup4==4.12.3
    # via bs4
bs4==0.0.2
    # via hotel-comments-crawler
certifi==2024.12.14
    # via requests
cffi==1.17.1
    # via cryptography
charset-normalizer==3.4.1
    # via requests
cryptography==44.0.0
    # via hotel-comments-crawler
et-xmlfile==2.0.0
    # via openpyxl
fake-useragent==1.5.1
    # via hotel-comments-crawler
frozenlist==1.5.0
    # via aiohttp
    # via aiosignal
idna==3.10
    # via requests
    # via yarl
importlib-resources==6.4.5
    # via fake-useragent
multidict==6.1.0
    # via aiohttp
    # via yarl
numpy==2.0.2
    # via pandas
openpyxl==3.1.5
    # via hotel-comments-crawler
pandas==2.2.3
    # via hotel-comments-crawler
peewee==3.17.8
    # via hotel-comments-crawler
pillow==11.0.0
    # via hotel-comments-crawler
propcache==0.2.1
    # via aiohttp
    # via yarl
pycparser==2.22
    # via cffi
pymysql==1.1.1
    # via hotel-comments-crawler
pysocks==1.7.1
    # via requests
python-dateutil==2.9.0.post0
    # via pandas
python-socks==2.6.1
    # via aiohttp-socks
    # via hotel-comments-crawler
pytz==2024.2
    # via pandas
requests==2.32.3
    # via hotel-comments-crawler
six==1.16.0
    # via python-dateutil
soupsieve==2.6
    # via beautifulsoup4
tenacity==9.0.0
    # via hotel-comments-crawler
typing-extensions==4.12.2
    # via multidict
tzdata==2024.2
    # via pandas
urllib3==2.3.0
    # via requests
yarl==1.18.3
    # via aiohttp
zipp==3.21.0
    # via importlib-resources
