# generated by rye
# use `rye lock` or `rye sync` to update this lockfile
#
# last locked with the following flags:
#   pre: false
#   features: []
#   all-features: false
#   with-sources: false
#   generate-hashes: false
#   universal: false

-e file:.
adbutils==2.8.0
    # via uiautodev
    # via uiautomator2
annotated-types==0.7.0
    # via pydantic
anyio==4.7.0
    # via httpx
    # via starlette
    # via watchfiles
apkutils2==1.0.0
    # via adbutils
beautifulsoup4==4.12.3
    # via bs4
bs4==0.0.2
    # via hotel-comments-crawler
build==1.2.2.post1
    # via poetry
cachecontrol==0.14.1
    # via poetry
certifi==2024.8.30
    # via httpcore
    # via httpx
    # via requests
cffi==1.17.1
    # via cryptography
charset-normalizer==3.4.0
    # via requests
cigam==0.0.3
    # via apkutils2
cleo==2.1.0
    # via poetry
click==8.1.7
    # via rich-toolkit
    # via typer
    # via uiautodev
    # via uvicorn
colorama==0.4.6
    # via build
    # via click
    # via uvicorn
construct==2.10.70
    # via uiautodev
    # via wdapy
crashtest==0.4.1
    # via cleo
    # via poetry
cryptography==44.0.0
    # via hotel-comments-crawler
decorator==5.1.1
    # via retry
deprecated==1.2.15
    # via wdapy
deprecation==2.1.0
    # via adbutils
distlib==0.3.9
    # via virtualenv
dnspython==2.7.0
    # via email-validator
dulwich==0.21.7
    # via poetry
email-validator==2.2.0
    # via fastapi
et-xmlfile==2.0.0
    # via openpyxl
exceptiongroup==1.2.2
    # via anyio
fake-useragent==1.5.1
    # via hotel-comments-crawler
fastapi==0.111.1
    # via uiautodev
fastapi-cli==0.0.7
    # via fastapi
fastjsonschema==2.21.1
    # via poetry
filelock==3.16.1
    # via cachecontrol
    # via virtualenv
h11==0.14.0
    # via httpcore
    # via uvicorn
httpcore==1.0.7
    # via httpx
httptools==0.6.4
    # via uvicorn
httpx==0.28.1
    # via fastapi
    # via uiautodev
idna==3.10
    # via anyio
    # via email-validator
    # via httpx
    # via requests
importlib-metadata==8.5.0
    # via build
    # via keyring
    # via poetry
importlib-resources==6.4.5
    # via fake-useragent
installer==0.7.0
    # via poetry
jaraco-classes==3.4.0
    # via keyring
jinja2==3.1.5
    # via fastapi
keyring==24.3.1
    # via poetry
lxml==5.3.0
    # via uiautodev
    # via uiautomator2
markdown-it-py==3.0.0
    # via rich
markupsafe==3.0.2
    # via jinja2
mdurl==0.1.2
    # via markdown-it-py
more-itertools==10.5.0
    # via jaraco-classes
msgpack==1.1.0
    # via cachecontrol
numpy==2.0.2
    # via pandas
openpyxl==3.1.5
    # via hotel-comments-crawler
packaging==24.2
    # via build
    # via deprecation
    # via poetry
pandas==2.2.3
    # via hotel-comments-crawler
peewee==3.17.8
    # via hotel-comments-crawler
pexpect==4.9.0
    # via poetry
pillow==11.0.0
    # via adbutils
    # via hotel-comments-crawler
    # via uiautodev
    # via uiautomator2
    # via wdapy
pkginfo==1.12.0
    # via poetry
platformdirs==4.3.6
    # via poetry
    # via virtualenv
poetry==1.8.5
    # via poetry-plugin-export
    # via uiautodev
poetry-core==1.9.1
    # via poetry
    # via poetry-plugin-export
poetry-plugin-export==1.8.0
    # via poetry
ptyprocess==0.7.0
    # via pexpect
py==1.11.0
    # via retry
pycparser==2.22
    # via cffi
pydantic==2.10.4
    # via fastapi
    # via uiautodev
pydantic-core==2.27.2
    # via pydantic
pyelftools==0.31
    # via apkutils2
pygments==2.18.0
    # via rich
    # via uiautodev
pymysql==1.1.1
    # via hotel-comments-crawler
pyproject-hooks==1.2.0
    # via build
    # via poetry
pysocks==1.7.1
    # via requests
python-dateutil==2.9.0.post0
    # via pandas
python-dotenv==1.0.1
    # via uvicorn
python-multipart==0.0.20
    # via fastapi
python-socks==2.6.1
    # via hotel-comments-crawler
pytz==2024.2
    # via pandas
pywin32-ctypes==0.2.3
    # via keyring
pyyaml==6.0.2
    # via uvicorn
rapidfuzz==3.11.0
    # via cleo
requests==2.32.3
    # via adbutils
    # via cachecontrol
    # via hotel-comments-crawler
    # via poetry
    # via requests-toolbelt
    # via uiautomator2
requests-toolbelt==1.0.0
    # via poetry
retry==0.9.2
    # via adbutils
    # via uiautomator2
    # via wdapy
rich==13.9.4
    # via rich-toolkit
    # via typer
rich-toolkit==0.12.0
    # via fastapi-cli
shellingham==1.5.4
    # via poetry
    # via typer
six==1.16.0
    # via python-dateutil
sniffio==1.3.1
    # via anyio
soupsieve==2.6
    # via beautifulsoup4
starlette==0.37.2
    # via fastapi
tenacity==9.0.0
    # via hotel-comments-crawler
tomli==2.2.1
    # via build
    # via poetry
tomlkit==0.13.2
    # via poetry
trove-classifiers==2024.10.21.16
    # via poetry
typer==0.15.1
    # via fastapi-cli
typing-extensions==4.12.2
    # via anyio
    # via fastapi
    # via pydantic
    # via pydantic-core
    # via rich
    # via rich-toolkit
    # via starlette
    # via typer
    # via uvicorn
tzdata==2024.2
    # via pandas
uiautodev==0.5.0
uiautomator2==3.2.8
    # via uiautodev
urllib3==2.2.3
    # via dulwich
    # via requests
uvicorn==0.34.0
    # via fastapi
    # via fastapi-cli
    # via uiautodev
virtualenv==20.28.0
    # via poetry
watchfiles==1.0.3
    # via uvicorn
wdapy==0.2.4
    # via uiautodev
websockets==14.1
    # via uvicorn
wrapt==1.17.0
    # via deprecated
xmltodict==0.14.2
    # via apkutils2
zipp==3.21.0
    # via importlib-metadata
    # via importlib-resources
